
Microsoft Visual Studio Solution File, Format Version 12.00
# Visual Studio Version 16
VisualStudioVersion = 16.0.30717.126
MinimumVisualStudioVersion = 10.0.40219.1
Project("{FAE04EC0-301F-11D3-BF4B-00C04F79EFBC}") = "TP_1", "TP_1\TP_1.csproj", "{3E1FA237-6C08-4DB4-BE00-02BE6959CDD6}"
EndProject
Project("{FAE04EC0-301F-11D3-BF4B-00C04F79EFBC}") = "Entidades", "Entidades\Entidades.csproj", "{8693EF09-5FF5-4B3A-86F2-73E102483AEE}"
EndProject
Global
	GlobalSection(SolutionConfigurationPlatforms) = preSolution
		Debug|Any CPU = Debug|Any CPU
		Release|Any CPU = Release|Any CPU
	EndGlobalSection
	GlobalSection(ProjectConfigurationPlatforms) = postSolution
		{3E1FA237-6C08-4DB4-BE00-02BE6959CDD6}.Debug|Any CPU.ActiveCfg = Debug|Any CPU
		{3E1FA237-6C08-4DB4-BE00-02BE6959CDD6}.Debug|Any CPU.Build.0 = Debug|Any CPU
		{3E1FA237-6C08-4DB4-BE00-02BE6959CDD6}.Release|Any CPU.ActiveCfg = Release|Any CPU
		{3E1FA237-6C08-4DB4-BE00-02BE6959CDD6}.Release|Any CPU.Build.0 = Release|Any CPU
		{8693EF09-5FF5-4B3A-86F2-73E102483AEE}.Debug|Any CPU.ActiveCfg = Debug|Any CPU
		{8693EF09-5FF5-4B3A-86F2-73E102483AEE}.Debug|Any CPU.Build.0 = Debug|Any CPU
		{8693EF09-5FF5-4B3A-86F2-73E102483AEE}.Release|Any CPU.ActiveCfg = Release|Any CPU
		{8693EF09-5FF5-4B3A-86F2-73E102483AEE}.Release|Any CPU.Build.0 = Release|Any CPU
	EndGlobalSection
	GlobalSection(SolutionProperties) = preSolution
		HideSolutionNode = FALSE
	EndGlobalSection
	GlobalSection(ExtensibilityGlobals) = postSolution
		SolutionGuid = {869BDBEC-9373-4A86-AE22-0F5645B32B81}
	EndGlobalSection
EndGlobal
